{
  "lockfileVersion": 1,
  "workspaces": {
    "": {
      "name": "clara",
      "dependencies": {
        "@ai-sdk/openai": "latest",
        "ai": "4.1.60",
        "boxen": "^8.0.1",
        "chalk": "^5.3.0",
        "commander": "^11.1.0",
        "zod": "^3.22.4",
      },
      "devDependencies": {
        "@types/bun": "latest",
        "typescript": "^5.3.3",
      },
    },
  },
  "packages": {
    "@ai-sdk/openai": ["@ai-sdk/openai@1.2.1", "", { "dependencies": { "@ai-sdk/provider": "1.0.10", "@ai-sdk/provider-utils": "2.1.11" }, "peerDependencies": { "zod": "^3.0.0" } }, "sha512-UtVDNrmrKzb3b4T9bnpduXs4FKpWGn+sH5qaFP1mtxOPeYGUF9OoJfGilH3CNfqGAE4QdZh/LT3IV6GHacooGg=="],

    "@ai-sdk/provider": ["@ai-sdk/provider@1.0.10", "", { "dependencies": { "json-schema": "^0.4.0" } }, "sha512-pco8Zl9U0xwXI+nCLc0woMtxbvjU8hRmGTseAUiPHFLYAAL8trRPCukg69IDeinOvIeo1SmXxAIdWWPZOLb4Cg=="],

    "@ai-sdk/provider-utils": ["@ai-sdk/provider-utils@2.1.11", "", { "dependencies": { "@ai-sdk/provider": "1.0.10", "eventsource-parser": "^3.0.0", "nanoid": "^3.3.8", "secure-json-parse": "^2.7.0" }, "peerDependencies": { "zod": "^3.0.0" }, "optionalPeers": ["zod"] }, "sha512-lMnXA5KaRJidzW7gQmlo/SnX6D+AKk5GxHFcQtOaGOSJNmu/qcNZc1rGaO7K5qW52OvCLXtnWudR4cc/FvMpVQ=="],

    "@ai-sdk/react": ["@ai-sdk/react@1.1.22", "", { "dependencies": { "@ai-sdk/provider-utils": "2.1.12", "@ai-sdk/ui-utils": "1.1.18", "swr": "^2.2.5", "throttleit": "2.1.0" }, "peerDependencies": { "react": "^18 || ^19 || ^19.0.0-rc", "zod": "^3.0.0" }, "optionalPeers": ["react", "zod"] }, "sha512-+ZlmJBu9NH59wvAtuh+xXEJ2MEfisBpVbYwN347+VlJJ3LfHVH9Rp1d58jVwBsfJvDUMn5UMuHZIXIdQhJIBTg=="],

    "@ai-sdk/ui-utils": ["@ai-sdk/ui-utils@1.1.18", "", { "dependencies": { "@ai-sdk/provider": "1.0.10", "@ai-sdk/provider-utils": "2.1.12", "zod-to-json-schema": "^3.24.1" }, "peerDependencies": { "zod": "^3.0.0" }, "optionalPeers": ["zod"] }, "sha512-PCDXKKKHqA8Oqm5LsXl3Byxmit0r0Gg3nMPI3bdEriDIExoQikULX2T6/IS5u1qNeoC3UK5F2acpCyl5Q+aIuQ=="],

    "@opentelemetry/api": ["@opentelemetry/api@1.9.0", "", {}, "sha512-3giAOQvZiH5F9bMlMiv8+GSPMeqg0dbaeo58/0SlA9sxSqZhnUtxzX9/2FzyhS9sWQf5S0GJE0AKBrFqjpeYcg=="],

    "@types/bun": ["@types/bun@1.2.5", "", { "dependencies": { "bun-types": "1.2.5" } }, "sha512-w2OZTzrZTVtbnJew1pdFmgV99H0/L+Pvw+z1P67HaR18MHOzYnTYOi6qzErhK8HyT+DB782ADVPPE92Xu2/Opg=="],

    "@types/diff-match-patch": ["@types/diff-match-patch@1.0.36", "", {}, "sha512-xFdR6tkm0MWvBfO8xXCSsinYxHcqkQUlcHeSpMC2ukzOb6lwQAfDmW+Qt0AvlGd8HpsS28qKsB+oPeJn9I39jg=="],

    "@types/node": ["@types/node@22.13.10", "", { "dependencies": { "undici-types": "~6.20.0" } }, "sha512-I6LPUvlRH+O6VRUqYOcMudhaIdUVWfsjnZavnsraHvpBwaEyMN29ry+0UVJhImYL16xsscu0aske3yA+uPOWfw=="],

    "@types/ws": ["@types/ws@8.5.14", "", { "dependencies": { "@types/node": "*" } }, "sha512-bd/YFLW+URhBzMXurx7lWByOu+xzU9+kb3RboOteXYDfW+tr+JZa99OyNmPINEGB/ahzKrEuc8rcv4gnpJmxTw=="],

    "ai": ["ai@4.1.60", "", { "dependencies": { "@ai-sdk/provider": "1.0.10", "@ai-sdk/provider-utils": "2.1.12", "@ai-sdk/react": "1.1.22", "@ai-sdk/ui-utils": "1.1.18", "@opentelemetry/api": "1.9.0", "eventsource-parser": "^3.0.0", "jsondiffpatch": "0.6.0" }, "peerDependencies": { "react": "^18 || ^19 || ^19.0.0-rc", "zod": "^3.0.0" }, "optionalPeers": ["react", "zod"] }, "sha512-eFJ/f30fvc3KiCNNVloPPExlVvwIbIzSxpc8ivfPgRqBlyIryCDqEo5r822FnLEvGGlWzqnvTuaFhQaBej5h9A=="],

    "ansi-align": ["ansi-align@3.0.1", "", { "dependencies": { "string-width": "^4.1.0" } }, "sha512-IOfwwBF5iczOjp/WeY4YxyjqAFMQoZufdQWDd19SEExbVLNXqvpzSJ/M7Za4/sCPmQ0+GRquoA7bGcINcxew6w=="],

    "ansi-regex": ["ansi-regex@6.1.0", "", {}, "sha512-7HSX4QQb4CspciLpVFwyRe79O3xsIZDDLER21kERQ71oaPodF8jL725AgJMFAYbooIqolJoRLuM81SpeUkpkvA=="],

    "ansi-styles": ["ansi-styles@6.2.1", "", {}, "sha512-bN798gFfQX+viw3R7yrGWRqnrN2oRkEkUjjl4JNn4E8GxxbjtG3FbrEIIY3l8/hrwUwIeCZvi4QuOTP4MErVug=="],

    "boxen": ["boxen@8.0.1", "", { "dependencies": { "ansi-align": "^3.0.1", "camelcase": "^8.0.0", "chalk": "^5.3.0", "cli-boxes": "^3.0.0", "string-width": "^7.2.0", "type-fest": "^4.21.0", "widest-line": "^5.0.0", "wrap-ansi": "^9.0.0" } }, "sha512-F3PH5k5juxom4xktynS7MoFY+NUWH5LC4CnH11YB8NPew+HLpmBLCybSAEyb2F+4pRXhuhWqFesoQd6DAyc2hw=="],

    "bun-types": ["bun-types@1.2.5", "", { "dependencies": { "@types/node": "*", "@types/ws": "~8.5.10" } }, "sha512-3oO6LVGGRRKI4kHINx5PIdIgnLRb7l/SprhzqXapmoYkFl5m4j6EvALvbDVuuBFaamB46Ap6HCUxIXNLCGy+tg=="],

    "camelcase": ["camelcase@8.0.0", "", {}, "sha512-8WB3Jcas3swSvjIeA2yvCJ+Miyz5l1ZmB6HFb9R1317dt9LCQoswg/BGrmAmkWVEszSrrg4RwmO46qIm2OEnSA=="],

    "chalk": ["chalk@5.4.1", "", {}, "sha512-zgVZuo2WcZgfUEmsn6eO3kINexW8RAE4maiQ8QNs8CtpPCSyMiYsULR3HQYkm3w8FIA3SberyMJMSldGsW+U3w=="],

    "cli-boxes": ["cli-boxes@3.0.0", "", {}, "sha512-/lzGpEWL/8PfI0BmBOPRwp0c/wFNX1RdUML3jK/RcSBA9T8mZDdQpqYBKtCFTOfQbwPqWEOpjqW+Fnayc0969g=="],

    "commander": ["commander@11.1.0", "", {}, "sha512-yPVavfyCcRhmorC7rWlkHn15b4wDVgVmBA7kV4QVBsF7kv/9TKJAbAXVTxvTnwP8HHKjRCJDClKbciiYS7p0DQ=="],

    "dequal": ["dequal@2.0.3", "", {}, "sha512-0je+qPKHEMohvfRTCEo3CrPG6cAzAYgmzKyxRiYSSDkS6eGJdyVJm7WaYA5ECaAD9wLB2T4EEeymA5aFVcYXCA=="],

    "diff-match-patch": ["diff-match-patch@1.0.5", "", {}, "sha512-IayShXAgj/QMXgB0IWmKx+rOPuGMhqm5w6jvFxmVenXKIzRqTAAsbBPT3kWQeGANj3jGgvcvv4yK6SxqYmikgw=="],

    "emoji-regex": ["emoji-regex@10.4.0", "", {}, "sha512-EC+0oUMY1Rqm4O6LLrgjtYDvcVYTy7chDnM4Q7030tP4Kwj3u/pR6gP9ygnp2CJMK5Gq+9Q2oqmrFJAz01DXjw=="],

    "eventsource-parser": ["eventsource-parser@3.0.0", "", {}, "sha512-T1C0XCUimhxVQzW4zFipdx0SficT651NnkR0ZSH3yQwh+mFMdLfgjABVi4YtMTtaL4s168593DaoaRLMqryavA=="],

    "get-east-asian-width": ["get-east-asian-width@1.3.0", "", {}, "sha512-vpeMIQKxczTD/0s2CdEWHcb0eeJe6TFjxb+J5xgX7hScxqrGuyjmv4c1D4A/gelKfyox0gJJwIHF+fLjeaM8kQ=="],

    "is-fullwidth-code-point": ["is-fullwidth-code-point@3.0.0", "", {}, "sha512-zymm5+u+sCsSWyD9qNaejV3DFvhCKclKdizYaJUuHA83RLjb7nSuGnddCHGv0hk+KY7BMAlsWeK4Ueg6EV6XQg=="],

    "json-schema": ["json-schema@0.4.0", "", {}, "sha512-es94M3nTIfsEPisRafak+HDLfHXnKBhV3vU5eqPcS3flIWqcxJWgXHXiey3YrpaNsanY5ei1VoYEbOzijuq9BA=="],

    "jsondiffpatch": ["jsondiffpatch@0.6.0", "", { "dependencies": { "@types/diff-match-patch": "^1.0.36", "chalk": "^5.3.0", "diff-match-patch": "^1.0.5" }, "bin": { "jsondiffpatch": "bin/jsondiffpatch.js" } }, "sha512-3QItJOXp2AP1uv7waBkao5nCvhEv+QmJAd38Ybq7wNI74Q+BBmnLn4EDKz6yI9xGAIQoUF87qHt+kc1IVxB4zQ=="],

    "nanoid": ["nanoid@3.3.9", "", { "bin": { "nanoid": "bin/nanoid.cjs" } }, "sha512-SppoicMGpZvbF1l3z4x7No3OlIjP7QJvC9XR7AhZr1kL133KHnKPztkKDc+Ir4aJ/1VhTySrtKhrsycmrMQfvg=="],

    "react": ["react@19.0.0", "", {}, "sha512-V8AVnmPIICiWpGfm6GLzCR/W5FXLchHop40W4nXBmdlEceh16rCN8O8LNWm5bh5XUX91fh7KpA+W0TgMKmgTpQ=="],

    "secure-json-parse": ["secure-json-parse@2.7.0", "", {}, "sha512-6aU+Rwsezw7VR8/nyvKTx8QpWH9FrcYiXXlqC4z5d5XQBDRqtbfsRjnwGyqbi3gddNtWHuEk9OANUotL26qKUw=="],

    "string-width": ["string-width@7.2.0", "", { "dependencies": { "emoji-regex": "^10.3.0", "get-east-asian-width": "^1.0.0", "strip-ansi": "^7.1.0" } }, "sha512-tsaTIkKW9b4N+AEj+SVA+WhJzV7/zMhcSu78mLKWSk7cXMOSHsBKFWUs0fWwq8QyK3MgJBQRX6Gbi4kYbdvGkQ=="],

    "strip-ansi": ["strip-ansi@7.1.0", "", { "dependencies": { "ansi-regex": "^6.0.1" } }, "sha512-iq6eVVI64nQQTRYq2KtEg2d2uU7LElhTJwsH4YzIHZshxlgZms/wIc4VoDQTlG/IvVIrBKG06CrZnp0qv7hkcQ=="],

    "swr": ["swr@2.3.3", "", { "dependencies": { "dequal": "^2.0.3", "use-sync-external-store": "^1.4.0" }, "peerDependencies": { "react": "^16.11.0 || ^17.0.0 || ^18.0.0 || ^19.0.0" } }, "sha512-dshNvs3ExOqtZ6kJBaAsabhPdHyeY4P2cKwRCniDVifBMoG/SVI7tfLWqPXriVspf2Rg4tPzXJTnwaihIeFw2A=="],

    "throttleit": ["throttleit@2.1.0", "", {}, "sha512-nt6AMGKW1p/70DF/hGBdJB57B8Tspmbp5gfJ8ilhLnt7kkr2ye7hzD6NVG8GGErk2HWF34igrL2CXmNIkzKqKw=="],

    "type-fest": ["type-fest@4.37.0", "", {}, "sha512-S/5/0kFftkq27FPNye0XM1e2NsnoD/3FS+pBmbjmmtLT6I+i344KoOf7pvXreaFsDamWeaJX55nczA1m5PsBDg=="],

    "typescript": ["typescript@5.8.2", "", { "bin": { "tsc": "bin/tsc", "tsserver": "bin/tsserver" } }, "sha512-aJn6wq13/afZp/jT9QZmwEjDqqvSGp1VT5GVg+f/t6/oVyrgXM6BY1h9BRh/O5p3PlUPAe+WuiEZOmb/49RqoQ=="],

    "undici-types": ["undici-types@6.20.0", "", {}, "sha512-Ny6QZ2Nju20vw1SRHe3d9jVu6gJ+4e3+MMpqu7pqE5HT6WsTSlce++GQmK5UXS8mzV8DSYHrQH+Xrf2jVcuKNg=="],

    "use-sync-external-store": ["use-sync-external-store@1.4.0", "", { "peerDependencies": { "react": "^16.8.0 || ^17.0.0 || ^18.0.0 || ^19.0.0" } }, "sha512-9WXSPC5fMv61vaupRkCKCxsPxBocVnwakBEkMIHHpkTTg6icbJtg6jzgtLDm4bl3cSHAca52rYWih0k4K3PfHw=="],

    "widest-line": ["widest-line@5.0.0", "", { "dependencies": { "string-width": "^7.0.0" } }, "sha512-c9bZp7b5YtRj2wOe6dlj32MK+Bx/M/d+9VB2SHM1OtsUHR0aV0tdP6DWh/iMt0kWi1t5g1Iudu6hQRNd1A4PVA=="],

    "wrap-ansi": ["wrap-ansi@9.0.0", "", { "dependencies": { "ansi-styles": "^6.2.1", "string-width": "^7.0.0", "strip-ansi": "^7.1.0" } }, "sha512-G8ura3S+3Z2G+mkgNRq8dqaFZAuxfsxpBB8OCTGRTCtp+l/v9nbFNmCUP1BZMts3G1142MsZfn6eeUKrr4PD1Q=="],

    "zod": ["zod@3.24.2", "", {}, "sha512-lY7CDW43ECgW9u1TcT3IoXHflywfVqDYze4waEz812jR/bZ8FHDsl7pFQoSZTz5N+2NqRXs8GBwnAwo3ZNxqhQ=="],

    "zod-to-json-schema": ["zod-to-json-schema@3.24.3", "", { "peerDependencies": { "zod": "^3.24.1" } }, "sha512-HIAfWdYIt1sssHfYZFCXp4rU1w2r8hVVXYIlmoa0r0gABLs5di3RCqPU5DDROogVz1pAdYBaz7HK5n9pSUNs3A=="],

    "@ai-sdk/react/@ai-sdk/provider-utils": ["@ai-sdk/provider-utils@2.1.12", "", { "dependencies": { "@ai-sdk/provider": "1.0.10", "eventsource-parser": "^3.0.0", "nanoid": "^3.3.8", "secure-json-parse": "^2.7.0" }, "peerDependencies": { "zod": "^3.0.0" }, "optionalPeers": ["zod"] }, "sha512-NLm2Ypkv419jR5TNOvZ057ciSYFKzSDEIIwE8cRyeR1Y5RbuX+auZveqGg6GWsDzvUnn6Xra7BJmr0422v60UA=="],

    "@ai-sdk/ui-utils/@ai-sdk/provider-utils": ["@ai-sdk/provider-utils@2.1.12", "", { "dependencies": { "@ai-sdk/provider": "1.0.10", "eventsource-parser": "^3.0.0", "nanoid": "^3.3.8", "secure-json-parse": "^2.7.0" }, "peerDependencies": { "zod": "^3.0.0" }, "optionalPeers": ["zod"] }, "sha512-NLm2Ypkv419jR5TNOvZ057ciSYFKzSDEIIwE8cRyeR1Y5RbuX+auZveqGg6GWsDzvUnn6Xra7BJmr0422v60UA=="],

    "ai/@ai-sdk/provider-utils": ["@ai-sdk/provider-utils@2.1.12", "", { "dependencies": { "@ai-sdk/provider": "1.0.10", "eventsource-parser": "^3.0.0", "nanoid": "^3.3.8", "secure-json-parse": "^2.7.0" }, "peerDependencies": { "zod": "^3.0.0" }, "optionalPeers": ["zod"] }, "sha512-NLm2Ypkv419jR5TNOvZ057ciSYFKzSDEIIwE8cRyeR1Y5RbuX+auZveqGg6GWsDzvUnn6Xra7BJmr0422v60UA=="],

    "ansi-align/string-width": ["string-width@4.2.3", "", { "dependencies": { "emoji-regex": "^8.0.0", "is-fullwidth-code-point": "^3.0.0", "strip-ansi": "^6.0.1" } }, "sha512-wKyQRQpjJ0sIp62ErSZdGsjMJWsap5oRNihHhu6G7JVO/9jIB6UyevL+tXuOqrng8j/cxKTWyWUwvSTriiZz/g=="],

    "ansi-align/string-width/emoji-regex": ["emoji-regex@8.0.0", "", {}, "sha512-MSjYzcWNOA0ewAHpz0MxpYFvwg6yjy1NG3xteoqz644VCo/RPgnr1/GGt+ic3iJTzQ8Eu3TdM14SawnVUmGE6A=="],

    "ansi-align/string-width/strip-ansi": ["strip-ansi@6.0.1", "", { "dependencies": { "ansi-regex": "^5.0.1" } }, "sha512-Y38VPSHcqkFrCpFnQ9vuSXmquuv5oXOKpGeT6aGrr3o3Gc9AlVa6JBfUSOCnbxGGZF+/0ooI7KrPuUSztUdU5A=="],

    "ansi-align/string-width/strip-ansi/ansi-regex": ["ansi-regex@5.0.1", "", {}, "sha512-quJQXlTSUGL2LH9SUXo8VwsY4soanhgo6LNSm84E1LBcE8s3O0wpdiRzyR9z/ZZJMlMWv37qOOb9pdJlMUEKFQ=="],
  }
}
